// !$*UTF8*$!
{
	archiveVersion = 1;
	classes = {
	};
	objectVersion = 55;
	objects = {

/* Begin PBXBuildFile section */
		7600ABDD28AFDAA800FB32AF /* TicTacToeApp.swift in Sources */ = {isa = PBXBuildFile; fileRef = 7600ABCD28AFDAA600FB32AF /* TicTacToeApp.swift */; };
		7600ABDE28AFDAA800FB32AF /* TicTacToeApp.swift in Sources */ = {isa = PBXBuildFile; fileRef = 7600ABCD28AFDAA600FB32AF /* TicTacToeApp.swift */; };
		7600ABDF28AFDAA800FB32AF /* ContentView.swift in Sources */ = {isa = PBXBuildFile; fileRef = 7600ABCE28AFDAA600FB32AF /* ContentView.swift */; };
		7600ABE128AFDAA800FB32AF /* Assets.xcassets in Resources */ = {isa = PBXBuildFile; fileRef = 7600ABCF28AFDAA800FB32AF /* Assets.xcassets */; };
		7600ABE228AFDAA800FB32AF /* Assets.xcassets in Resources */ = {isa = PBXBuildFile; fileRef = 7600ABCF28AFDAA800FB32AF /* Assets.xcassets */; };
		7600ABEC28AFDAC600FB32AF /* GameGridView.swift in Sources */ = {isa = PBXBuildFile; fileRef = 7600ABEB28AFDAC600FB32AF /* GameGridView.swift */; };
		7600ABF028B0895300FB32AF /* Player.swift in Sources */ = {isa = PBXBuildFile; fileRef = 7600ABEF28B0895300FB32AF /* Player.swift */; };
		7600ABF228B089F300FB32AF /* Move.swift in Sources */ = {isa = PBXBuildFile; fileRef = 7600ABF128B089F300FB32AF /* Move.swift */; };
		7600ABF428B0C51D00FB32AF /* MenuView.swift in Sources */ = {isa = PBXBuildFile; fileRef = 7600ABF328B0C51D00FB32AF /* MenuView.swift */; };
		7662E60228B63922006E77C0 /* RegistrationView.swift in Sources */ = {isa = PBXBuildFile; fileRef = 7662E60128B63922006E77C0 /* RegistrationView.swift */; };
		7662E60628B92CDD006E77C0 /* LeaderboardView.swift in Sources */ = {isa = PBXBuildFile; fileRef = 7662E60528B92CDD006E77C0 /* LeaderboardView.swift */; };
		7662E60A28B9D5E5006E77C0 /* LeaderboardRecord.swift in Sources */ = {isa = PBXBuildFile; fileRef = 7662E60928B9D5E5006E77C0 /* LeaderboardRecord.swift */; };
		7662E60E28BA0833006E77C0 /* HeaderView.swift in Sources */ = {isa = PBXBuildFile; fileRef = 7662E60D28BA0833006E77C0 /* HeaderView.swift */; };
		7662E61428BB13C6006E77C0 /* LeaderboardRecord.swift in Sources */ = {isa = PBXBuildFile; fileRef = 7662E60928B9D5E5006E77C0 /* LeaderboardRecord.swift */; };
		7662E61528BB13C9006E77C0 /* Player.swift in Sources */ = {isa = PBXBuildFile; fileRef = 7600ABEF28B0895300FB32AF /* Player.swift */; };
		7662E61628BB13CB006E77C0 /* Move.swift in Sources */ = {isa = PBXBuildFile; fileRef = 7600ABF128B089F300FB32AF /* Move.swift */; };
		7662E61728BB13F0006E77C0 /* ContentView.swift in Sources */ = {isa = PBXBuildFile; fileRef = 7600ABCE28AFDAA600FB32AF /* ContentView.swift */; };
		7662E61B28BB1692006E77C0 /* backgroundmusic.mp3 in Resources */ = {isa = PBXBuildFile; fileRef = 7662E61A28BB1692006E77C0 /* backgroundmusic.mp3 */; };
		7662E61E28BB1B00006E77C0 /* SoundUtility.swift in Sources */ = {isa = PBXBuildFile; fileRef = 7662E61D28BB1B00006E77C0 /* SoundUtility.swift */; };
		7662E62028BB3551006E77C0 /* HowToPlayView.swift in Sources */ = {isa = PBXBuildFile; fileRef = 7662E61F28BB3551006E77C0 /* HowToPlayView.swift */; };
		7662E62228BB3AA9006E77C0 /* guidemusic.mp3 in Resources */ = {isa = PBXBuildFile; fileRef = 7662E62128BB3AA8006E77C0 /* guidemusic.mp3 */; };
		7662E62428BB3C3E006E77C0 /* gameover.wav in Resources */ = {isa = PBXBuildFile; fileRef = 7662E62328BB3C3E006E77C0 /* gameover.wav */; };
		7662E62628BB547C006E77C0 /* gamemove.wav in Resources */ = {isa = PBXBuildFile; fileRef = 7662E62528BB547C006E77C0 /* gamemove.wav */; };
		7662E62828BB5544006E77C0 /* gamewin.wav in Resources */ = {isa = PBXBuildFile; fileRef = 7662E62728BB5543006E77C0 /* gamewin.wav */; };
		7662E62A28BB57CF006E77C0 /* gamedraw.wav in Resources */ = {isa = PBXBuildFile; fileRef = 7662E62928BB57CF006E77C0 /* gamedraw.wav */; };
/* End PBXBuildFile section */

/* Begin PBXFileReference section */
		7600ABCD28AFDAA600FB32AF /* TicTacToeApp.swift */ = {isa = PBXFileReference; lastKnownFileType = sourcecode.swift; path = TicTacToeApp.swift; sourceTree = "<group>"; };
		7600ABCE28AFDAA600FB32AF /* ContentView.swift */ = {isa = PBXFileReference; lastKnownFileType = sourcecode.swift; path = ContentView.swift; sourceTree = "<group>"; };
		7600ABCF28AFDAA800FB32AF /* Assets.xcassets */ = {isa = PBXFileReference; lastKnownFileType = folder.assetcatalog; path = Assets.xcassets; sourceTree = "<group>"; };
		7600ABD428AFDAA800FB32AF /* TicTacToe.app */ = {isa = PBXFileReference; explicitFileType = wrapper.application; includeInIndex = 0; path = TicTacToe.app; sourceTree = BUILT_PRODUCTS_DIR; };
		7600ABDA28AFDAA800FB32AF /* TicTacToe.app */ = {isa = PBXFileReference; explicitFileType = wrapper.application; includeInIndex = 0; path = TicTacToe.app; sourceTree = BUILT_PRODUCTS_DIR; };
		7600ABDC28AFDAA800FB32AF /* macOS.entitlements */ = {isa = PBXFileReference; lastKnownFileType = text.plist.entitlements; path = macOS.entitlements; sourceTree = "<group>"; };
		7600ABEB28AFDAC600FB32AF /* GameGridView.swift */ = {isa = PBXFileReference; lastKnownFileType = sourcecode.swift; path = GameGridView.swift; sourceTree = "<group>"; };
		7600ABEF28B0895300FB32AF /* Player.swift */ = {isa = PBXFileReference; lastKnownFileType = sourcecode.swift; path = Player.swift; sourceTree = "<group>"; };
		7600ABF128B089F300FB32AF /* Move.swift */ = {isa = PBXFileReference; lastKnownFileType = sourcecode.swift; path = Move.swift; sourceTree = "<group>"; };
		7600ABF328B0C51D00FB32AF /* MenuView.swift */ = {isa = PBXFileReference; lastKnownFileType = sourcecode.swift; path = MenuView.swift; sourceTree = "<group>"; };
		7662E60128B63922006E77C0 /* RegistrationView.swift */ = {isa = PBXFileReference; lastKnownFileType = sourcecode.swift; path = RegistrationView.swift; sourceTree = "<group>"; };
		7662E60528B92CDD006E77C0 /* LeaderboardView.swift */ = {isa = PBXFileReference; lastKnownFileType = sourcecode.swift; path = LeaderboardView.swift; sourceTree = "<group>"; };
		7662E60928B9D5E5006E77C0 /* LeaderboardRecord.swift */ = {isa = PBXFileReference; lastKnownFileType = sourcecode.swift; path = LeaderboardRecord.swift; sourceTree = "<group>"; };
		7662E60D28BA0833006E77C0 /* HeaderView.swift */ = {isa = PBXFileReference; lastKnownFileType = sourcecode.swift; path = HeaderView.swift; sourceTree = "<group>"; };
		7662E61A28BB1692006E77C0 /* backgroundmusic.mp3 */ = {isa = PBXFileReference; lastKnownFileType = audio.mp3; path = backgroundmusic.mp3; sourceTree = "<group>"; };
		7662E61D28BB1B00006E77C0 /* SoundUtility.swift */ = {isa = PBXFileReference; lastKnownFileType = sourcecode.swift; path = SoundUtility.swift; sourceTree = "<group>"; };
		7662E61F28BB3551006E77C0 /* HowToPlayView.swift */ = {isa = PBXFileReference; lastKnownFileType = sourcecode.swift; path = HowToPlayView.swift; sourceTree = "<group>"; };
		7662E62128BB3AA8006E77C0 /* guidemusic.mp3 */ = {isa = PBXFileReference; lastKnownFileType = audio.mp3; path = guidemusic.mp3; sourceTree = "<group>"; };
		7662E62328BB3C3E006E77C0 /* gameover.wav */ = {isa = PBXFileReference; lastKnownFileType = audio.wav; path = gameover.wav; sourceTree = "<group>"; };
		7662E62528BB547C006E77C0 /* gamemove.wav */ = {isa = PBXFileReference; lastKnownFileType = audio.wav; path = gamemove.wav; sourceTree = "<group>"; };
		7662E62728BB5543006E77C0 /* gamewin.wav */ = {isa = PBXFileReference; lastKnownFileType = audio.wav; path = gamewin.wav; sourceTree = "<group>"; };
		7662E62928BB57CF006E77C0 /* gamedraw.wav */ = {isa = PBXFileReference; lastKnownFileType = audio.wav; path = gamedraw.wav; sourceTree = "<group>"; };
/* End PBXFileReference section */

/* Begin PBXFrameworksBuildPhase section */
		7600ABD128AFDAA800FB32AF /* Frameworks */ = {
			isa = PBXFrameworksBuildPhase;
			buildActionMask = 2147483647;
			files = (
			);
			runOnlyForDeploymentPostprocessing = 0;
		};
		7600ABD728AFDAA800FB32AF /* Frameworks */ = {
			isa = PBXFrameworksBuildPhase;
			buildActionMask = 2147483647;
			files = (
			);
			runOnlyForDeploymentPostprocessing = 0;
		};
/* End PBXFrameworksBuildPhase section */

/* Begin PBXGroup section */
		7600ABC728AFDAA500FB32AF = {
			isa = PBXGroup;
			children = (
				7600ABCC28AFDAA600FB32AF /* Shared */,
				7600ABDB28AFDAA800FB32AF /* macOS */,
				7600ABD528AFDAA800FB32AF /* Products */,
			);
			sourceTree = "<group>";
		};
		7600ABCC28AFDAA600FB32AF /* Shared */ = {
			isa = PBXGroup;
			children = (
				7662E61C28BB1AEB006E77C0 /* Utility */,
				7662E61928BB14CE006E77C0 /* Sound */,
				7600ABEE28B086A700FB32AF /* Model */,
				7600ABED28AFE58D00FB32AF /* View */,
				7600ABCE28AFDAA600FB32AF /* ContentView.swift */,
				7600ABCD28AFDAA600FB32AF /* TicTacToeApp.swift */,
				7600ABCF28AFDAA800FB32AF /* Assets.xcassets */,
			);
			path = Shared;
			sourceTree = "<group>";
		};
		7600ABD528AFDAA800FB32AF /* Products */ = {
			isa = PBXGroup;
			children = (
				7600ABD428AFDAA800FB32AF /* TicTacToe.app */,
				7600ABDA28AFDAA800FB32AF /* TicTacToe.app */,
			);
			name = Products;
			sourceTree = "<group>";
		};
		7600ABDB28AFDAA800FB32AF /* macOS */ = {
			isa = PBXGroup;
			children = (
				7600ABDC28AFDAA800FB32AF /* macOS.entitlements */,
			);
			path = macOS;
			sourceTree = "<group>";
		};
		7600ABED28AFE58D00FB32AF /* View */ = {
			isa = PBXGroup;
			children = (
				7600ABEB28AFDAC600FB32AF /* GameGridView.swift */,
				7600ABF328B0C51D00FB32AF /* MenuView.swift */,
				7662E60128B63922006E77C0 /* RegistrationView.swift */,
				7662E60528B92CDD006E77C0 /* LeaderboardView.swift */,
				7662E60D28BA0833006E77C0 /* HeaderView.swift */,
				7662E61F28BB3551006E77C0 /* HowToPlayView.swift */,
			);
			path = View;
			sourceTree = "<group>";
		};
		7600ABEE28B086A700FB32AF /* Model */ = {
			isa = PBXGroup;
			children = (
				7600ABEF28B0895300FB32AF /* Player.swift */,
				7600ABF128B089F300FB32AF /* Move.swift */,
				7662E60928B9D5E5006E77C0 /* LeaderboardRecord.swift */,
			);
			path = Model;
			sourceTree = "<group>";
		};
		7662E61928BB14CE006E77C0 /* Sound */ = {
			isa = PBXGroup;
			children = (
				7662E62928BB57CF006E77C0 /* gamedraw.wav */,
				7662E62728BB5543006E77C0 /* gamewin.wav */,
				7662E62528BB547C006E77C0 /* gamemove.wav */,
				7662E62328BB3C3E006E77C0 /* gameover.wav */,
				7662E62128BB3AA8006E77C0 /* guidemusic.mp3 */,
				7662E61A28BB1692006E77C0 /* backgroundmusic.mp3 */,
			);
			path = Sound;
			sourceTree = "<group>";
		};
		7662E61C28BB1AEB006E77C0 /* Utility */ = {
			isa = PBXGroup;
			children = (
				7662E61D28BB1B00006E77C0 /* SoundUtility.swift */,
			);
			path = Utility;
			sourceTree = "<group>";
		};
/* End PBXGroup section */

/* Begin PBXNativeTarget section */
		7600ABD328AFDAA800FB32AF /* TicTacToe (iOS) */ = {
			isa = PBXNativeTarget;
			buildConfigurationList = 7600ABE528AFDAA800FB32AF /* Build configuration list for PBXNativeTarget "TicTacToe (iOS)" */;
			buildPhases = (
				7600ABD028AFDAA800FB32AF /* Sources */,
				7600ABD128AFDAA800FB32AF /* Frameworks */,
				7600ABD228AFDAA800FB32AF /* Resources */,
			);
			buildRules = (
			);
			dependencies = (
			);
			name = "TicTacToe (iOS)";
			productName = "TicTacToe (iOS)";
			productReference = 7600ABD428AFDAA800FB32AF /* TicTacToe.app */;
			productType = "com.apple.product-type.application";
		};
		7600ABD928AFDAA800FB32AF /* TicTacToe (macOS) */ = {
			isa = PBXNativeTarget;
			buildConfigurationList = 7600ABE828AFDAA800FB32AF /* Build configuration list for PBXNativeTarget "TicTacToe (macOS)" */;
			buildPhases = (
				7600ABD628AFDAA800FB32AF /* Sources */,
				7600ABD728AFDAA800FB32AF /* Frameworks */,
				7600ABD828AFDAA800FB32AF /* Resources */,
			);
			buildRules = (
			);
			dependencies = (
			);
			name = "TicTacToe (macOS)";
			productName = "TicTacToe (macOS)";
			productReference = 7600ABDA28AFDAA800FB32AF /* TicTacToe.app */;
			productType = "com.apple.product-type.application";
		};
/* End PBXNativeTarget section */

/* Begin PBXProject section */
		7600ABC828AFDAA500FB32AF /* Project object */ = {
			isa = PBXProject;
			attributes = {
				BuildIndependentTargetsInParallel = 1;
				LastSwiftUpdateCheck = 1340;
				LastUpgradeCheck = 1340;
				TargetAttributes = {
					7600ABD328AFDAA800FB32AF = {
						CreatedOnToolsVersion = 13.4.1;
					};
					7600ABD928AFDAA800FB32AF = {
						CreatedOnToolsVersion = 13.4.1;
					};
				};
			};
			buildConfigurationList = 7600ABCB28AFDAA500FB32AF /* Build configuration list for PBXProject "TicTacToe" */;
			compatibilityVersion = "Xcode 13.0";
			developmentRegion = en;
			hasScannedForEncodings = 0;
			knownRegions = (
				en,
				Base,
			);
			mainGroup = 7600ABC728AFDAA500FB32AF;
			productRefGroup = 7600ABD528AFDAA800FB32AF /* Products */;
			projectDirPath = "";
			projectRoot = "";
			targets = (
				7600ABD328AFDAA800FB32AF /* TicTacToe (iOS) */,
				7600ABD928AFDAA800FB32AF /* TicTacToe (macOS) */,
			);
		};
/* End PBXProject section */

/* Begin PBXResourcesBuildPhase section */
		7600ABD228AFDAA800FB32AF /* Resources */ = {
			isa = PBXResourcesBuildPhase;
			buildActionMask = 2147483647;
			files = (
				7662E61B28BB1692006E77C0 /* backgroundmusic.mp3 in Resources */,
				7662E62628BB547C006E77C0 /* gamemove.wav in Resources */,
				7662E62228BB3AA9006E77C0 /* guidemusic.mp3 in Resources */,
				7662E62A28BB57CF006E77C0 /* gamedraw.wav in Resources */,
				7662E62828BB5544006E77C0 /* gamewin.wav in Resources */,
				7662E62428BB3C3E006E77C0 /* gameover.wav in Resources */,
				7600ABE128AFDAA800FB32AF /* Assets.xcassets in Resources */,
			);
			runOnlyForDeploymentPostprocessing = 0;
		};
		7600ABD828AFDAA800FB32AF /* Resources */ = {
			isa = PBXResourcesBuildPhase;
			buildActionMask = 2147483647;
			files = (
				7600ABE228AFDAA800FB32AF /* Assets.xcassets in Resources */,
			);
			runOnlyForDeploymentPostprocessing = 0;
		};
/* End PBXResourcesBuildPhase section */

/* Begin PBXSourcesBuildPhase section */
		7600ABD028AFDAA800FB32AF /* Sources */ = {
			isa = PBXSourcesBuildPhase;
			buildActionMask = 2147483647;
			files = (
				7662E62028BB3551006E77C0 /* HowToPlayView.swift in Sources */,
				7662E60628B92CDD006E77C0 /* LeaderboardView.swift in Sources */,
				7600ABF228B089F300FB32AF /* Move.swift in Sources */,
				7600ABF428B0C51D00FB32AF /* MenuView.swift in Sources */,
				7600ABF028B0895300FB32AF /* Player.swift in Sources */,
				7662E60228B63922006E77C0 /* RegistrationView.swift in Sources */,
				7662E61E28BB1B00006E77C0 /* SoundUtility.swift in Sources */,
				7662E60E28BA0833006E77C0 /* HeaderView.swift in Sources */,
				7600ABDF28AFDAA800FB32AF /* ContentView.swift in Sources */,
				7600ABDD28AFDAA800FB32AF /* TicTacToeApp.swift in Sources */,
				7600ABEC28AFDAC600FB32AF /* GameGridView.swift in Sources */,
				7662E60A28B9D5E5006E77C0 /* LeaderboardRecord.swift in Sources */,
			);
			runOnlyForDeploymentPostprocessing = 0;
		};
		7600ABD628AFDAA800FB32AF /* Sources */ = {
			isa = PBXSourcesBuildPhase;
			buildActionMask = 2147483647;
			files = (
				7662E61628BB13CB006E77C0 /* Move.swift in Sources */,
				7600ABDE28AFDAA800FB32AF /* TicTacToeApp.swift in Sources */,
				7662E61728BB13F0006E77C0 /* ContentView.swift in Sources */,
				7662E61428BB13C6006E77C0 /* LeaderboardRecord.swift in Sources */,
				7662E61528BB13C9006E77C0 /* Player.swift in Sources */,
			);
			runOnlyForDeploymentPostprocessing = 0;
		};
/* End PBXSourcesBuildPhase section */

/* Begin XCBuildConfiguration section */
		7600ABE328AFDAA800FB32AF /* Debug */ = {
			isa = XCBuildConfiguration;
			buildSettings = {
				ALWAYS_SEARCH_USER_PATHS = NO;
				CLANG_ANALYZER_NONNULL = YES;
				CLANG_ANALYZER_NUMBER_OBJECT_CONVERSION = YES_AGGRESSIVE;
				CLANG_CXX_LANGUAGE_STANDARD = "gnu++17";
				CLANG_ENABLE_MODULES = YES;
				CLANG_ENABLE_OBJC_ARC = YES;
				CLANG_ENABLE_OBJC_WEAK = YES;
				CLANG_WARN_BLOCK_CAPTURE_AUTORELEASING = YES;
				CLANG_WARN_BOOL_CONVERSION = YES;
				CLANG_WARN_COMMA = YES;
				CLANG_WARN_CONSTANT_CONVERSION = YES;
				CLANG_WARN_DEPRECATED_OBJC_IMPLEMENTATIONS = YES;
				CLANG_WARN_DIRECT_OBJC_ISA_USAGE = YES_ERROR;
				CLANG_WARN_DOCUMENTATION_COMMENTS = YES;
				CLANG_WARN_EMPTY_BODY = YES;
				CLANG_WARN_ENUM_CONVERSION = YES;
				CLANG_WARN_INFINITE_RECURSION = YES;
				CLANG_WARN_INT_CONVERSION = YES;
				CLANG_WARN_NON_LITERAL_NULL_CONVERSION = YES;
				CLANG_WARN_OBJC_IMPLICIT_RETAIN_SELF = YES;
				CLANG_WARN_OBJC_LITERAL_CONVERSION = YES;
				CLANG_WARN_OBJC_ROOT_CLASS = YES_ERROR;
				CLANG_WARN_QUOTED_INCLUDE_IN_FRAMEWORK_HEADER = YES;
				CLANG_WARN_RANGE_LOOP_ANALYSIS = YES;
				CLANG_WARN_STRICT_PROTOTYPES = YES;
				CLANG_WARN_SUSPICIOUS_MOVE = YES;
				CLANG_WARN_UNGUARDED_AVAILABILITY = YES_AGGRESSIVE;
				CLANG_WARN_UNREACHABLE_CODE = YES;
				CLANG_WARN__DUPLICATE_METHOD_MATCH = YES;
				COPY_PHASE_STRIP = NO;
				DEBUG_INFORMATION_FORMAT = dwarf;
				ENABLE_STRICT_OBJC_MSGSEND = YES;
				ENABLE_TESTABILITY = YES;
				GCC_C_LANGUAGE_STANDARD = gnu11;
				GCC_DYNAMIC_NO_PIC = NO;
				GCC_NO_COMMON_BLOCKS = YES;
				GCC_OPTIMIZATION_LEVEL = 0;
				GCC_PREPROCESSOR_DEFINITIONS = (
					"DEBUG=1",
					"$(inherited)",
				);
				GCC_WARN_64_TO_32_BIT_CONVERSION = YES;
				GCC_WARN_ABOUT_RETURN_TYPE = YES_ERROR;
				GCC_WARN_UNDECLARED_SELECTOR = YES;
				GCC_WARN_UNINITIALIZED_AUTOS = YES_AGGRESSIVE;
				GCC_WARN_UNUSED_FUNCTION = YES;
				GCC_WARN_UNUSED_VARIABLE = YES;
				MTL_ENABLE_DEBUG_INFO = INCLUDE_SOURCE;
				MTL_FAST_MATH = YES;
				ONLY_ACTIVE_ARCH = YES;
				SWIFT_ACTIVE_COMPILATION_CONDITIONS = DEBUG;
				SWIFT_OPTIMIZATION_LEVEL = "-Onone";
			};
			name = Debug;
		};
		7600ABE428AFDAA800FB32AF /* Release */ = {
			isa = XCBuildConfiguration;
			buildSettings = {
				ALWAYS_SEARCH_USER_PATHS = NO;
				CLANG_ANALYZER_NONNULL = YES;
				CLANG_ANALYZER_NUMBER_OBJECT_CONVERSION = YES_AGGRESSIVE;
				CLANG_CXX_LANGUAGE_STANDARD = "gnu++17";
				CLANG_ENABLE_MODULES = YES;
				CLANG_ENABLE_OBJC_ARC = YES;
				CLANG_ENABLE_OBJC_WEAK = YES;
				CLANG_WARN_BLOCK_CAPTURE_AUTORELEASING = YES;
				CLANG_WARN_BOOL_CONVERSION = YES;
				CLANG_WARN_COMMA = YES;
				CLANG_WARN_CONSTANT_CONVERSION = YES;
				CLANG_WARN_DEPRECATED_OBJC_IMPLEMENTATIONS = YES;
				CLANG_WARN_DIRECT_OBJC_ISA_USAGE = YES_ERROR;
				CLANG_WARN_DOCUMENTATION_COMMENTS = YES;
				CLANG_WARN_EMPTY_BODY = YES;
				CLANG_WARN_ENUM_CONVERSION = YES;
				CLANG_WARN_INFINITE_RECURSION = YES;
				CLANG_WARN_INT_CONVERSION = YES;
				CLANG_WARN_NON_LITERAL_NULL_CONVERSION = YES;
				CLANG_WARN_OBJC_IMPLICIT_RETAIN_SELF = YES;
				CLANG_WARN_OBJC_LITERAL_CONVERSION = YES;
				CLANG_WARN_OBJC_ROOT_CLASS = YES_ERROR;
				CLANG_WARN_QUOTED_INCLUDE_IN_FRAMEWORK_HEADER = YES;
				CLANG_WARN_RANGE_LOOP_ANALYSIS = YES;
				CLANG_WARN_STRICT_PROTOTYPES = YES;
				CLANG_WARN_SUSPICIOUS_MOVE = YES;
				CLANG_WARN_UNGUARDED_AVAILABILITY = YES_AGGRESSIVE;
				CLANG_WARN_UNREACHABLE_CODE = YES;
				CLANG_WARN__DUPLICATE_METHOD_MATCH = YES;
				COPY_PHASE_STRIP = NO;
				DEBUG_INFORMATION_FORMAT = "dwarf-with-dsym";
				ENABLE_NS_ASSERTIONS = NO;
				ENABLE_STRICT_OBJC_MSGSEND = YES;
				GCC_C_LANGUAGE_STANDARD = gnu11;
				GCC_NO_COMMON_BLOCKS = YES;
				GCC_WARN_64_TO_32_BIT_CONVERSION = YES;
				GCC_WARN_ABOUT_RETURN_TYPE = YES_ERROR;
				GCC_WARN_UNDECLARED_SELECTOR = YES;
				GCC_WARN_UNINITIALIZED_AUTOS = YES_AGGRESSIVE;
				GCC_WARN_UNUSED_FUNCTION = YES;
				GCC_WARN_UNUSED_VARIABLE = YES;
				MTL_ENABLE_DEBUG_INFO = NO;
				MTL_FAST_MATH = YES;
				SWIFT_COMPILATION_MODE = wholemodule;
				SWIFT_OPTIMIZATION_LEVEL = "-O";
			};
			name = Release;
		};
		7600ABE628AFDAA800FB32AF /* Debug */ = {
			isa = XCBuildConfiguration;
			buildSettings = {
				ASSETCATALOG_COMPILER_APPICON_NAME = AppIcon;
				ASSETCATALOG_COMPILER_GLOBAL_ACCENT_COLOR_NAME = AccentColor;
				CODE_SIGN_STYLE = Automatic;
				CURRENT_PROJECT_VERSION = 1;
				ENABLE_PREVIEWS = YES;
				GENERATE_INFOPLIST_FILE = YES;
				INFOPLIST_KEY_UIApplicationSceneManifest_Generation = YES;
				INFOPLIST_KEY_UIApplicationSupportsIndirectInputEvents = YES;
				INFOPLIST_KEY_UILaunchScreen_Generation = YES;
				INFOPLIST_KEY_UISupportedInterfaceOrientations_iPad = "UIInterfaceOrientationPortrait UIInterfaceOrientationPortraitUpsideDown UIInterfaceOrientationLandscapeLeft UIInterfaceOrientationLandscapeRight";
				INFOPLIST_KEY_UISupportedInterfaceOrientations_iPhone = "UIInterfaceOrientationPortrait UIInterfaceOrientationLandscapeLeft UIInterfaceOrientationLandscapeRight";
				IPHONEOS_DEPLOYMENT_TARGET = 15.5;
				LD_RUNPATH_SEARCH_PATHS = (
					"$(inherited)",
					"@executable_path/Frameworks",
				);
				MARKETING_VERSION = 1.0;
				PRODUCT_BUNDLE_IDENTIFIER = org.s3791159.TicTacToe;
				PRODUCT_NAME = TicTacToe;
				SDKROOT = iphoneos;
				SWIFT_EMIT_LOC_STRINGS = YES;
				SWIFT_VERSION = 5.0;
				TARGETED_DEVICE_FAMILY = "1,2";
			};
			name = Debug;
		};
		7600ABE728AFDAA800FB32AF /* Release */ = {
			isa = XCBuildConfiguration;
			buildSettings = {
				ASSETCATALOG_COMPILER_APPICON_NAME = AppIcon;
				ASSETCATALOG_COMPILER_GLOBAL_ACCENT_COLOR_NAME = AccentColor;
				CODE_SIGN_STYLE = Automatic;
				CURRENT_PROJECT_VERSION = 1;
				ENABLE_PREVIEWS = YES;
				GENERATE_INFOPLIST_FILE = YES;
				INFOPLIST_KEY_UIApplicationSceneManifest_Generation = YES;
				INFOPLIST_KEY_UIApplicationSupportsIndirectInputEvents = YES;
				INFOPLIST_KEY_UILaunchScreen_Generation = YES;
				INFOPLIST_KEY_UISupportedInterfaceOrientations_iPad = "UIInterfaceOrientationPortrait UIInterfaceOrientationPortraitUpsideDown UIInterfaceOrientationLandscapeLeft UIInterfaceOrientationLandscapeRight";
				INFOPLIST_KEY_UISupportedInterfaceOrientations_iPhone = "UIInterfaceOrientationPortrait UIInterfaceOrientationLandscapeLeft UIInterfaceOrientationLandscapeRight";
				IPHONEOS_DEPLOYMENT_TARGET = 15.5;
				LD_RUNPATH_SEARCH_PATHS = (
					"$(inherited)",
					"@executable_path/Frameworks",
				);
				MARKETING_VERSION = 1.0;
				PRODUCT_BUNDLE_IDENTIFIER = org.s3791159.TicTacToe;
				PRODUCT_NAME = TicTacToe;
				SDKROOT = iphoneos;
				SWIFT_EMIT_LOC_STRINGS = YES;
				SWIFT_VERSION = 5.0;
				TARGETED_DEVICE_FAMILY = "1,2";
				VALIDATE_PRODUCT = YES;
			};
			name = Release;
		};
		7600ABE928AFDAA800FB32AF /* Debug */ = {
			isa = XCBuildConfiguration;
			buildSettings = {
				ASSETCATALOG_COMPILER_APPICON_NAME = AppIcon;
				ASSETCATALOG_COMPILER_GLOBAL_ACCENT_COLOR_NAME = AccentColor;
				CODE_SIGN_ENTITLEMENTS = macOS/macOS.entitlements;
				CODE_SIGN_STYLE = Automatic;
				COMBINE_HIDPI_IMAGES = YES;
				CURRENT_PROJECT_VERSION = 1;
				ENABLE_PREVIEWS = YES;
				GENERATE_INFOPLIST_FILE = YES;
				INFOPLIST_KEY_NSHumanReadableCopyright = "";
				LD_RUNPATH_SEARCH_PATHS = (
					"$(inherited)",
					"@executable_path/../Frameworks",
				);
				MACOSX_DEPLOYMENT_TARGET = 12.3;
				MARKETING_VERSION = 1.0;
				PRODUCT_BUNDLE_IDENTIFIER = org.s3791159.TicTacToe;
				PRODUCT_NAME = TicTacToe;
				SDKROOT = macosx;
				SWIFT_EMIT_LOC_STRINGS = YES;
				SWIFT_VERSION = 5.0;
			};
			name = Debug;
		};
		7600ABEA28AFDAA800FB32AF /* Release */ = {
			isa = XCBuildConfiguration;
			buildSettings = {
				ASSETCATALOG_COMPILER_APPICON_NAME = AppIcon;
				ASSETCATALOG_COMPILER_GLOBAL_ACCENT_COLOR_NAME = AccentColor;
				CODE_SIGN_ENTITLEMENTS = macOS/macOS.entitlements;
				CODE_SIGN_STYLE = Automatic;
				COMBINE_HIDPI_IMAGES = YES;
				CURRENT_PROJECT_VERSION = 1;
				ENABLE_PREVIEWS = YES;
				GENERATE_INFOPLIST_FILE = YES;
				INFOPLIST_KEY_NSHumanReadableCopyright = "";
				LD_RUNPATH_SEARCH_PATHS = (
					"$(inherited)",
					"@executable_path/../Frameworks",
				);
				MACOSX_DEPLOYMENT_TARGET = 12.3;
				MARKETING_VERSION = 1.0;
				PRODUCT_BUNDLE_IDENTIFIER = org.s3791159.TicTacToe;
				PRODUCT_NAME = TicTacToe;
				SDKROOT = macosx;
				SWIFT_EMIT_LOC_STRINGS = YES;
				SWIFT_VERSION = 5.0;
			};
			name = Release;
		};
/* End XCBuildConfiguration section */

/* Begin XCConfigurationList section */
		7600ABCB28AFDAA500FB32AF /* Build configuration list for PBXProject "TicTacToe" */ = {
			isa = XCConfigurationList;
			buildConfigurations = (
				7600ABE328AFDAA800FB32AF /* Debug */,
				7600ABE428AFDAA800FB32AF /* Release */,
			);
			defaultConfigurationIsVisible = 0;
			defaultConfigurationName = Release;
		};
		7600ABE528AFDAA800FB32AF /* Build configuration list for PBXNativeTarget "TicTacToe (iOS)" */ = {
			isa = XCConfigurationList;
			buildConfigurations = (
				7600ABE628AFDAA800FB32AF /* Debug */,
				7600ABE728AFDAA800FB32AF /* Release */,
			);
			defaultConfigurationIsVisible = 0;
			defaultConfigurationName = Release;
		};
		7600ABE828AFDAA800FB32AF /* Build configuration list for PBXNativeTarget "TicTacToe (macOS)" */ = {
			isa = XCConfigurationList;
			buildConfigurations = (
				7600ABE928AFDAA800FB32AF /* Debug */,
				7600ABEA28AFDAA800FB32AF /* Release */,
			);
			defaultConfigurationIsVisible = 0;
			defaultConfigurationName = Release;
		};
/* End XCConfigurationList section */
	};
	rootObject = 7600ABC828AFDAA500FB32AF /* Project object */;
}
